
Microsoft Visual Studio Solution File, Format Version 12.00
# Visual Studio Version 16
VisualStudioVersion = 16.0.31911.196
MinimumVisualStudioVersion = 10.0.40219.1
Project("{FAE04EC0-301F-11D3-BF4B-00C04F79EFBC}") = "NearMeApp", "NearMeApp.csproj", "{47C11169-EE5A-4849-BC52-8C5782F7BE6C}"
EndProject
Global
	GlobalSection(SolutionConfigurationPlatforms) = preSolution
		Debug|Any CPU = Debug|Any CPU
		Release|Any CPU = Release|Any CPU
	EndGlobalSection
	GlobalSection(ProjectConfigurationPlatforms) = postSolution
		{47C11169-EE5A-4849-BC52-8C5782F7BE6C}.Debug|Any CPU.ActiveCfg = Debug|Any CPU
		{47C11169-EE5A-4849-BC52-8C5782F7BE6C}.Debug|Any CPU.Build.0 = Debug|Any CPU
		{47C11169-EE5A-4849-BC52-8C5782F7BE6C}.Release|Any CPU.ActiveCfg = Release|Any CPU
		{47C11169-EE5A-4849-BC52-8C5782F7BE6C}.Release|Any CPU.Build.0 = Release|Any CPU
	EndGlobalSection
	GlobalSection(SolutionProperties) = preSolution
		HideSolutionNode = FALSE
	EndGlobalSection
	GlobalSection(ExtensibilityGlobals) = postSolution
		SolutionGuid = {48703867-3100-42C1-843B-428AC0800A6E}
	EndGlobalSection
EndGlobal
